
Microsoft Visual Studio Solution File, Format Version 12.00
# Visual Studio 15
VisualStudioVersion = 15.0.26403.7
MinimumVisualStudioVersion = 10.0.40219.1
Project("{FAE04EC0-301F-11D3-BF4B-00C04F79EFBC}") = "EmitLog", "EmitLog\EmitLog.csproj", "{5F32AFDC-267E-4C17-9674-179AC14420E2}"
EndProject
Project("{FAE04EC0-301F-11D3-BF4B-00C04F79EFBC}") = "ReceiveLogs", "ReceiveLogs\ReceiveLogs.csproj", "{50E25D6E-6E98-451E-9C17-3E27B8A05A11}"
EndProject
Global
	GlobalSection(SolutionConfigurationPlatforms) = preSolution
		Debug|Any CPU = Debug|Any CPU
		Release|Any CPU = Release|Any CPU
	EndGlobalSection
	GlobalSection(ProjectConfigurationPlatforms) = postSolution
		{5F32AFDC-267E-4C17-9674-179AC14420E2}.Debug|Any CPU.ActiveCfg = Debug|Any CPU
		{5F32AFDC-267E-4C17-9674-179AC14420E2}.Debug|Any CPU.Build.0 = Debug|Any CPU
		{5F32AFDC-267E-4C17-9674-179AC14420E2}.Release|Any CPU.ActiveCfg = Release|Any CPU
		{5F32AFDC-267E-4C17-9674-179AC14420E2}.Release|Any CPU.Build.0 = Release|Any CPU
		{50E25D6E-6E98-451E-9C17-3E27B8A05A11}.Debug|Any CPU.ActiveCfg = Debug|Any CPU
		{50E25D6E-6E98-451E-9C17-3E27B8A05A11}.Debug|Any CPU.Build.0 = Debug|Any CPU
		{50E25D6E-6E98-451E-9C17-3E27B8A05A11}.Release|Any CPU.ActiveCfg = Release|Any CPU
		{50E25D6E-6E98-451E-9C17-3E27B8A05A11}.Release|Any CPU.Build.0 = Release|Any CPU
	EndGlobalSection
	GlobalSection(SolutionProperties) = preSolution
		HideSolutionNode = FALSE
	EndGlobalSection
EndGlobal
