
Microsoft Visual Studio Solution File, Format Version 12.00
# Visual Studio 15
VisualStudioVersion = 15.0.26403.7
MinimumVisualStudioVersion = 10.0.40219.1
Project("{FAE04EC0-301F-11D3-BF4B-00C04F79EFBC}") = "EmitLog", "EmitLog\EmitLog.csproj", "{1DB169D3-D9FF-4ED9-80F3-B0A59DAC5826}"
EndProject
Project("{FAE04EC0-301F-11D3-BF4B-00C04F79EFBC}") = "ReceiveLogs", "ReceiveLogs\ReceiveLogs.csproj", "{040B1568-C7CF-47CF-8FC5-8B2916ACC931}"
EndProject
Global
	GlobalSection(SolutionConfigurationPlatforms) = preSolution
		Debug|Any CPU = Debug|Any CPU
		Release|Any CPU = Release|Any CPU
	EndGlobalSection
	GlobalSection(ProjectConfigurationPlatforms) = postSolution
		{1DB169D3-D9FF-4ED9-80F3-B0A59DAC5826}.Debug|Any CPU.ActiveCfg = Debug|Any CPU
		{1DB169D3-D9FF-4ED9-80F3-B0A59DAC5826}.Debug|Any CPU.Build.0 = Debug|Any CPU
		{1DB169D3-D9FF-4ED9-80F3-B0A59DAC5826}.Release|Any CPU.ActiveCfg = Release|Any CPU
		{1DB169D3-D9FF-4ED9-80F3-B0A59DAC5826}.Release|Any CPU.Build.0 = Release|Any CPU
		{040B1568-C7CF-47CF-8FC5-8B2916ACC931}.Debug|Any CPU.ActiveCfg = Debug|Any CPU
		{040B1568-C7CF-47CF-8FC5-8B2916ACC931}.Debug|Any CPU.Build.0 = Debug|Any CPU
		{040B1568-C7CF-47CF-8FC5-8B2916ACC931}.Release|Any CPU.ActiveCfg = Release|Any CPU
		{040B1568-C7CF-47CF-8FC5-8B2916ACC931}.Release|Any CPU.Build.0 = Release|Any CPU
	EndGlobalSection
	GlobalSection(SolutionProperties) = preSolution
		HideSolutionNode = FALSE
	EndGlobalSection
EndGlobal
